
Microsoft Visual Studio Solution File, Format Version 12.00
# Visual Studio Version 16
VisualStudioVersion = 16.0.29025.244
MinimumVisualStudioVersion = 10.0.40219.1
Project("{FAE04EC0-301F-11D3-BF4B-00C04F79EFBC}") = "ObjectOrientedCalculator", "ObjectOrientedCalculator.csproj", "{09E24CBF-6D8C-4308-8A38-B1A1CFB840C4}"
EndProject
Project("{FAE04EC0-301F-11D3-BF4B-00C04F79EFBC}") = "ObjectOrientedCalculator.Tests", "ObjectOrientedCalculator.Tests\ObjectOrientedCalculator.Tests.csproj", "{2F259D08-1628-4BEC-9577-C105407B414E}"
EndProject
Global
	GlobalSection(SolutionConfigurationPlatforms) = preSolution
		Debug|Any CPU = Debug|Any CPU
		Release|Any CPU = Release|Any CPU
	EndGlobalSection
	GlobalSection(ProjectConfigurationPlatforms) = postSolution
		{09E24CBF-6D8C-4308-8A38-B1A1CFB840C4}.Debug|Any CPU.ActiveCfg = Debug|Any CPU
		{09E24CBF-6D8C-4308-8A38-B1A1CFB840C4}.Debug|Any CPU.Build.0 = Debug|Any CPU
		{09E24CBF-6D8C-4308-8A38-B1A1CFB840C4}.Release|Any CPU.ActiveCfg = Release|Any CPU
		{09E24CBF-6D8C-4308-8A38-B1A1CFB840C4}.Release|Any CPU.Build.0 = Release|Any CPU
		{2F259D08-1628-4BEC-9577-C105407B414E}.Debug|Any CPU.ActiveCfg = Debug|Any CPU
		{2F259D08-1628-4BEC-9577-C105407B414E}.Debug|Any CPU.Build.0 = Debug|Any CPU
		{2F259D08-1628-4BEC-9577-C105407B414E}.Release|Any CPU.ActiveCfg = Release|Any CPU
		{2F259D08-1628-4BEC-9577-C105407B414E}.Release|Any CPU.Build.0 = Release|Any CPU
	EndGlobalSection
	GlobalSection(SolutionProperties) = preSolution
		HideSolutionNode = FALSE
	EndGlobalSection
	GlobalSection(ExtensibilityGlobals) = postSolution
		SolutionGuid = {0DDFCF72-D2D1-427F-8A5F-32A0BEA3961E}
	EndGlobalSection
EndGlobal
